
Microsoft Visual Studio Solution File, Format Version 12.00
# Visual Studio Version 16
VisualStudioVersion = 16.0.32126.315
MinimumVisualStudioVersion = 10.0.40219.1
Project("{FAE04EC0-301F-11D3-BF4B-00C04F79EFBC}") = "ConsoleApp1", "ConsoleApp1\ConsoleApp1.csproj", "{BBCF6142-3EF6-4369-BD1F-D77E253716CF}"
EndProject
Global
	GlobalSection(SolutionConfigurationPlatforms) = preSolution
		Debug|Any CPU = Debug|Any CPU
		Release|Any CPU = Release|Any CPU
	EndGlobalSection
	GlobalSection(ProjectConfigurationPlatforms) = postSolution
		{BBCF6142-3EF6-4369-BD1F-D77E253716CF}.Debug|Any CPU.ActiveCfg = Debug|Any CPU
		{BBCF6142-3EF6-4369-BD1F-D77E253716CF}.Debug|Any CPU.Build.0 = Debug|Any CPU
		{BBCF6142-3EF6-4369-BD1F-D77E253716CF}.Release|Any CPU.ActiveCfg = Release|Any CPU
		{BBCF6142-3EF6-4369-BD1F-D77E253716CF}.Release|Any CPU.Build.0 = Release|Any CPU
	EndGlobalSection
	GlobalSection(SolutionProperties) = preSolution
		HideSolutionNode = FALSE
	EndGlobalSection
	GlobalSection(ExtensibilityGlobals) = postSolution
		SolutionGuid = {FC86DFC7-BF64-4AD3-9145-E283DF699FF8}
	EndGlobalSection
EndGlobal
